
Microsoft Visual Studio Solution File, Format Version 12.00
# Visual Studio Version 17
VisualStudioVersion = 17.13.35931.197 d17.13
MinimumVisualStudioVersion = 10.0.40219.1
Project("{FAE04EC0-301F-11D3-BF4B-00C04F79EFBC}") = "WatchPortalFunction", "WatchPortalFunction\WatchPortalFunction.csproj", "{C104E93D-3052-4B35-A6FA-B4804E4A1E74}"
EndProject
Project("{FAE04EC0-301F-11D3-BF4B-00C04F79EFBC}") = "WatchPortalFunctionTests", "WatchPortalFunctionTests\WatchPortalFunctionTests.csproj", "{472777CB-43D8-430E-8110-942162BB12C1}"
EndProject
Global
	GlobalSection(SolutionConfigurationPlatforms) = preSolution
		Debug|Any CPU = Debug|Any CPU
		Release|Any CPU = Release|Any CPU
	EndGlobalSection
	GlobalSection(ProjectConfigurationPlatforms) = postSolution
		{C104E93D-3052-4B35-A6FA-B4804E4A1E74}.Debug|Any CPU.ActiveCfg = Debug|Any CPU
		{C104E93D-3052-4B35-A6FA-B4804E4A1E74}.Debug|Any CPU.Build.0 = Debug|Any CPU
		{C104E93D-3052-4B35-A6FA-B4804E4A1E74}.Release|Any CPU.ActiveCfg = Release|Any CPU
		{C104E93D-3052-4B35-A6FA-B4804E4A1E74}.Release|Any CPU.Build.0 = Release|Any CPU
		{472777CB-43D8-430E-8110-942162BB12C1}.Debug|Any CPU.ActiveCfg = Debug|Any CPU
		{472777CB-43D8-430E-8110-942162BB12C1}.Debug|Any CPU.Build.0 = Debug|Any CPU
		{472777CB-43D8-430E-8110-942162BB12C1}.Release|Any CPU.ActiveCfg = Release|Any CPU
		{472777CB-43D8-430E-8110-942162BB12C1}.Release|Any CPU.Build.0 = Release|Any CPU
	EndGlobalSection
	GlobalSection(SolutionProperties) = preSolution
		HideSolutionNode = FALSE
	EndGlobalSection
	GlobalSection(ExtensibilityGlobals) = postSolution
		SolutionGuid = {FC2A1B0C-262A-48AC-8D96-38D95B3E92B9}
	EndGlobalSection
EndGlobal
